
Microsoft Visual Studio Solution File, Format Version 12.00
# Visual Studio 15
VisualStudioVersion = 15.0.28307.329
MinimumVisualStudioVersion = 10.0.40219.1
Project("{9A19103F-16F7-4668-BE54-9A1E7A4F7556}") = "Kettle.Model", "Kettle.Model\Kettle.Model.csproj", "{5B5C4946-329C-47BF-AC6C-54F5FE0E61AF}"
EndProject
Project("{2150E333-8FDC-42A3-9474-1A3956D46DE8}") = "Solution Items", "Solution Items", "{FF91FB74-D031-4227-9321-887D7107D717}"
	ProjectSection(SolutionItems) = preProject
		README.txt = README.txt
	EndProjectSection
EndProject
Project("{9A19103F-16F7-4668-BE54-9A1E7A4F7556}") = "Kettle.Controller", "Kettle.Controller\Kettle.Controller.csproj", "{213CA75B-AC00-45E8-961B-1F665C9E548F}"
EndProject
Project("{FAE04EC0-301F-11D3-BF4B-00C04F79EFBC}") = "Kettle.Controller.Tests", "Kettle.Controller.Tests\Kettle.Controller.Tests.csproj", "{BB166EBD-8850-4983-AFA3-C6AB3F346720}"
EndProject
Global
	GlobalSection(SolutionConfigurationPlatforms) = preSolution
		Debug|Any CPU = Debug|Any CPU
		Release|Any CPU = Release|Any CPU
	EndGlobalSection
	GlobalSection(ProjectConfigurationPlatforms) = postSolution
		{5B5C4946-329C-47BF-AC6C-54F5FE0E61AF}.Debug|Any CPU.ActiveCfg = Debug|Any CPU
		{5B5C4946-329C-47BF-AC6C-54F5FE0E61AF}.Debug|Any CPU.Build.0 = Debug|Any CPU
		{5B5C4946-329C-47BF-AC6C-54F5FE0E61AF}.Release|Any CPU.ActiveCfg = Release|Any CPU
		{5B5C4946-329C-47BF-AC6C-54F5FE0E61AF}.Release|Any CPU.Build.0 = Release|Any CPU
		{213CA75B-AC00-45E8-961B-1F665C9E548F}.Debug|Any CPU.ActiveCfg = Debug|Any CPU
		{213CA75B-AC00-45E8-961B-1F665C9E548F}.Debug|Any CPU.Build.0 = Debug|Any CPU
		{213CA75B-AC00-45E8-961B-1F665C9E548F}.Release|Any CPU.ActiveCfg = Release|Any CPU
		{213CA75B-AC00-45E8-961B-1F665C9E548F}.Release|Any CPU.Build.0 = Release|Any CPU
		{BB166EBD-8850-4983-AFA3-C6AB3F346720}.Debug|Any CPU.ActiveCfg = Debug|Any CPU
		{BB166EBD-8850-4983-AFA3-C6AB3F346720}.Debug|Any CPU.Build.0 = Debug|Any CPU
		{BB166EBD-8850-4983-AFA3-C6AB3F346720}.Release|Any CPU.ActiveCfg = Release|Any CPU
		{BB166EBD-8850-4983-AFA3-C6AB3F346720}.Release|Any CPU.Build.0 = Release|Any CPU
	EndGlobalSection
	GlobalSection(SolutionProperties) = preSolution
		HideSolutionNode = FALSE
	EndGlobalSection
	GlobalSection(ExtensibilityGlobals) = postSolution
		SolutionGuid = {3699E1B5-ED01-4554-9527-AC10D49875FF}
	EndGlobalSection
EndGlobal
